
Microsoft Visual Studio Solution File, Format Version 12.00
# Visual Studio Version 17
VisualStudioVersion = 17.7.34221.43
MinimumVisualStudioVersion = 10.0.40219.1
Project("{FAE04EC0-301F-11D3-BF4B-00C04F79EFBC}") = "DesignPatterns", "DesignPatterns\DesignPatterns.csproj", "{5B0D03C8-7A1D-4EB8-B5C2-B561786EBF7A}"
EndProject
Global
	GlobalSection(SolutionConfigurationPlatforms) = preSolution
		Debug|Any CPU = Debug|Any CPU
		Release|Any CPU = Release|Any CPU
	EndGlobalSection
	GlobalSection(ProjectConfigurationPlatforms) = postSolution
		{5B0D03C8-7A1D-4EB8-B5C2-B561786EBF7A}.Debug|Any CPU.ActiveCfg = Debug|Any CPU
		{5B0D03C8-7A1D-4EB8-B5C2-B561786EBF7A}.Debug|Any CPU.Build.0 = Debug|Any CPU
		{5B0D03C8-7A1D-4EB8-B5C2-B561786EBF7A}.Release|Any CPU.ActiveCfg = Release|Any CPU
		{5B0D03C8-7A1D-4EB8-B5C2-B561786EBF7A}.Release|Any CPU.Build.0 = Release|Any CPU
	EndGlobalSection
	GlobalSection(SolutionProperties) = preSolution
		HideSolutionNode = FALSE
	EndGlobalSection
	GlobalSection(ExtensibilityGlobals) = postSolution
		SolutionGuid = {3187998C-1AC0-4DA6-B4CD-D2CF81383C57}
	EndGlobalSection
EndGlobal
